{
  "name": "@dschulmeis/mini-tutorial.js",
  "version": "2.2.1",
  "lockfileVersion": 2,
  "requires": true,
  "packages": {
    "": {
      "name": "@dschulmeis/mini-tutorial.js",
      "version": "2.2.1",
      "license": "AGPL-3.0",
      "dependencies": {
        "@dschulmeis/ls-utils": "^1.0.1",
        "hammerjs": "^2.0.8"
      }
    },
    "node_modules/@dschulmeis/ls-utils": {
      "version": "1.0.1",
      "resolved": "https://registry.npmjs.org/@dschulmeis/ls-utils/-/ls-utils-1.0.1.tgz",
      "integrity": "sha512-1pQ4DnSZSk6Wh05HKhaGaJmdfnfToDWugqIs9qVFQplAkQHCa3LmvG4Qbbq4lQ4unIpFgTZLq3XrIVGPgt5GUg=="
    },
    "node_modules/hammerjs": {
      "version": "2.0.8",
      "resolved": "https://registry.npmjs.org/hammerjs/-/hammerjs-2.0.8.tgz",
      "integrity": "sha1-BO93hiz/K7edMPdpIJWTAiK/YPE=",
      "engines": {
        "node": ">=0.8.0"
      }
    }
  },
  "dependencies": {
    "@dschulmeis/ls-utils": {
      "version": "1.0.1",
      "resolved": "https://registry.npmjs.org/@dschulmeis/ls-utils/-/ls-utils-1.0.1.tgz",
      "integrity": "sha512-1pQ4DnSZSk6Wh05HKhaGaJmdfnfToDWugqIs9qVFQplAkQHCa3LmvG4Qbbq4lQ4unIpFgTZLq3XrIVGPgt5GUg=="
    },
    "hammerjs": {
      "version": "2.0.8",
      "resolved": "https://registry.npmjs.org/hammerjs/-/hammerjs-2.0.8.tgz",
      "integrity": "sha1-BO93hiz/K7edMPdpIJWTAiK/YPE="
    }
  }
}
